<?xml version="1.0" encoding="utf-8"?>
<Project ToolsVersion="4.0" xmlns="http://schemas.microsoft.com/developer/msbuild/2003">
  <ItemGroup>
    <Filter Include="TitleUpdater">
      <UniqueIdentifier>{93995380-89BD-4b04-88EB-625FBE52EBFB}</UniqueIdentifier>
      <Extensions>h;hh;hpp;hxx;hm;inl;inc;xsd</Extensions>
    </Filter>
    <Filter Include="CommandHandler">
      <UniqueIdentifier>{67DA6AB6-F800-4c08-8B7A-83BB121AAD01}</UniqueIdentifier>
      <Extensions>rc;ico;cur;bmp;dlg;rc2;rct;bin;rgs;gif;jpg;jpeg;jpe;resx;tiff;tif;png;wav;mfcribbon-ms</Extensions>
    </Filter>
    <Filter Include="CommandHandler\Commands">
      <UniqueIdentifier>{33bf5e74-0bed-4ec1-ae31-a05665087b06}</UniqueIdentifier>
    </Filter>
    <Filter Include="Dependencies">
      <UniqueIdentifier>{a7047717-5db4-4787-bd90-a9fcca2c0ed4}</UniqueIdentifier>
    </Filter>
    <Filter Include="Dependencies\json">
      <UniqueIdentifier>{eb16d750-35ed-4c75-8778-74a530e2af15}</UniqueIdentifier>
    </Filter>
  </ItemGroup>
  <ItemGroup>
    <ClCompile Include="main.cpp" />
    <ClCompile Include="TitleUpdater\TitleUpdater.cpp">
      <Filter>TitleUpdater</Filter>
    </ClCompile>
    <ClCompile Include="CommandHandler\CommandHandler.cpp">
      <Filter>CommandHandler</Filter>
    </ClCompile>
    <ClCompile Include="CommandHandler\Commands\Commands.cpp">
      <Filter>CommandHandler\Commands</Filter>
    </ClCompile>
  </ItemGroup>
  <ItemGroup>
    <ClInclude Include="TitleUpdater\TitleUpdater.h">
      <Filter>TitleUpdater</Filter>
    </ClInclude>
    <ClInclude Include="CommandHandler\CommandHandler.h">
      <Filter>CommandHandler</Filter>
    </ClInclude>
    <ClInclude Include="CommandHandler\Commands\Commands.h">
      <Filter>CommandHandler\Commands</Filter>
    </ClInclude>
    <ClInclude Include="Dependencies\json\json.hpp">
      <Filter>Dependencies\json</Filter>
    </ClInclude>
  </ItemGroup>
</Project>